<?xml version="1.0" encoding="utf-8"?>
<Project ToolsVersion="4.0" xmlns="http://schemas.microsoft.com/developer/msbuild/2003">
  <ItemGroup>
    <ClCompile Include="CKMultipleDemoMatch.cpp">
      <Filter>Source Files</Filter>
    </ClCompile>
    <ClCompile Include="CKMultipleDemoMatch_Tool.cpp">
      <Filter>Source Files</Filter>
    </ClCompile>
    <ClCompile Include="CPAGE2.cpp">
      <Filter>Source Files</Filter>
    </ClCompile>
    <ClCompile Include="CPAGE3.cpp">
      <Filter>Source Files</Filter>
    </ClCompile>
    <ClCompile Include="CPAGE4.cpp">
      <Filter>Source Files</Filter>
    </ClCompile>
    <ClCompile Include="stdafx.cpp">
      <Filter>Source Files</Filter>
    </ClCompile>
    <ClCompile Include="Tool.cpp">
      <Filter>Source Files</Filter>
    </ClCompile>
    <ClCompile Include="CPAGE1.cpp">
      <Filter>Source Files</Filter>
    </ClCompile>
    <ClCompile Include="CKMultipleDemoMatchDlg.cpp">
      <Filter>Source Files</Filter>
    </ClCompile>
    <ClCompile Include="CModelDlg.cpp">
      <Filter>Source Files</Filter>
    </ClCompile>
    <ClCompile Include="CLearnDlg.cpp" />
  </ItemGroup>
  <ItemGroup>
    <ClInclude Include="CKMultipleDemoMatch.h">
      <Filter>Header Files</Filter>
    </ClInclude>
    <ClInclude Include="CKMultipleDemoMatch_Tool.h">
      <Filter>Header Files</Filter>
    </ClInclude>
    <ClInclude Include="CKMultipleDemoMatchDlg.h">
      <Filter>Header Files</Filter>
    </ClInclude>
    <ClInclude Include="CPAGE1.h">
      <Filter>Header Files</Filter>
    </ClInclude>
    <ClInclude Include="CPAGE2.h">
      <Filter>Header Files</Filter>
    </ClInclude>
    <ClInclude Include="CPAGE3.h">
      <Filter>Header Files</Filter>
    </ClInclude>
    <ClInclude Include="CPAGE4.h">
      <Filter>Header Files</Filter>
    </ClInclude>
    <ClInclude Include="Resource.h">
      <Filter>Header Files</Filter>
    </ClInclude>
    <ClInclude Include="stdafx.h">
      <Filter>Header Files</Filter>
    </ClInclude>
    <ClInclude Include="Tool.h">
      <Filter>Header Files</Filter>
    </ClInclude>
    <ClInclude Include="targetver.h">
      <Filter>Header Files</Filter>
    </ClInclude>
    <ClInclude Include="ToolControl.h">
      <Filter>Header Files</Filter>
    </ClInclude>
    <ClInclude Include="CModelDlg.h">
      <Filter>Header Files</Filter>
    </ClInclude>
    <ClInclude Include="CLearnDlg.h" />
  </ItemGroup>
  <ItemGroup>
    <None Include="CKMultipleDemoMatch.def" />
    <None Include="res\GetLocalPicture.rc2">
      <Filter>Resource Files</Filter>
    </None>
  </ItemGroup>
  <ItemGroup>
    <Text Include="ReadMe.txt" />
  </ItemGroup>
  <ItemGroup>
    <Filter Include="Header Files">
      <UniqueIdentifier>{f9692172-0c34-431f-bd73-80906ed3f0ef}</UniqueIdentifier>
    </Filter>
    <Filter Include="Resource Files">
      <UniqueIdentifier>{8f00b6c8-7a06-430c-990f-eddb7f96d825}</UniqueIdentifier>
    </Filter>
    <Filter Include="Source Files">
      <UniqueIdentifier>{c48bdc34-1f07-4af7-8bcd-b4e70ac34594}</UniqueIdentifier>
    </Filter>
  </ItemGroup>
  <ItemGroup>
    <ResourceCompile Include="GetLocalPicture.rc">
      <Filter>Resource Files</Filter>
    </ResourceCompile>
  </ItemGroup>
</Project>